
Microsoft Visual Studio Solution File, Format Version 12.00
# Visual Studio Version 17
VisualStudioVersion = 17.0.31903.59
MinimumVisualStudioVersion = 10.0.40219.1
Project("{FAE04EC0-301F-11D3-BF4B-00C04F79EFBC}") = "StateMachineLib", "StateMachineLib\StateMachineLib.csproj", "{94DF58DA-C8AA-4D6A-8A51-FA29A9376283}"
EndProject
Project("{FAE04EC0-301F-11D3-BF4B-00C04F79EFBC}") = "StateMachineLib.Tests", "StateMachineLib.Tests\StateMachineLib.Tests.csproj", "{4F602779-6767-4515-896B-7FFF6E2D7E04}"
EndProject
Global
	GlobalSection(SolutionConfigurationPlatforms) = preSolution
		Debug|Any CPU = Debug|Any CPU
		Release|Any CPU = Release|Any CPU
	EndGlobalSection
	GlobalSection(SolutionProperties) = preSolution
		HideSolutionNode = FALSE
	EndGlobalSection
	GlobalSection(ProjectConfigurationPlatforms) = postSolution
		{94DF58DA-C8AA-4D6A-8A51-FA29A9376283}.Debug|Any CPU.ActiveCfg = Debug|Any CPU
		{94DF58DA-C8AA-4D6A-8A51-FA29A9376283}.Debug|Any CPU.Build.0 = Debug|Any CPU
		{94DF58DA-C8AA-4D6A-8A51-FA29A9376283}.Release|Any CPU.ActiveCfg = Release|Any CPU
		{94DF58DA-C8AA-4D6A-8A51-FA29A9376283}.Release|Any CPU.Build.0 = Release|Any CPU
		{4F602779-6767-4515-896B-7FFF6E2D7E04}.Debug|Any CPU.ActiveCfg = Debug|Any CPU
		{4F602779-6767-4515-896B-7FFF6E2D7E04}.Debug|Any CPU.Build.0 = Debug|Any CPU
		{4F602779-6767-4515-896B-7FFF6E2D7E04}.Release|Any CPU.ActiveCfg = Release|Any CPU
		{4F602779-6767-4515-896B-7FFF6E2D7E04}.Release|Any CPU.Build.0 = Release|Any CPU
	EndGlobalSection
EndGlobal
